
Microsoft Visual Studio Solution File, Format Version 12.00
# Visual Studio 15
VisualStudioVersion = 15.0.27130.2036
MinimumVisualStudioVersion = 10.0.40219.1
Project("{FAE04EC0-301F-11D3-BF4B-00C04F79EFBC}") = "MasterDemo.Android", "MasterDemo\MasterDemo.Android\MasterDemo.Android.csproj", "{C6A80CAB-AEAE-4420-928C-46ACF0D2F4E6}"
EndProject
Project("{FAE04EC0-301F-11D3-BF4B-00C04F79EFBC}") = "MasterDemo.iOS", "MasterDemo\MasterDemo.iOS\MasterDemo.iOS.csproj", "{70951C76-33B9-494D-9061-40EE82EA9CF8}"
EndProject
Project("{FAE04EC0-301F-11D3-BF4B-00C04F79EFBC}") = "MasterDemo.UWP", "MasterDemo\MasterDemo.UWP\MasterDemo.UWP.csproj", "{898204C5-DFBC-4BDA-8899-0B749B398223}"
EndProject
Project("{D954291E-2A0B-460D-934E-DC6B0785DB48}") = "MasterDemo", "MasterDemo\MasterDemo\MasterDemo.shproj", "{E6E7048F-943E-4327-A0FF-D35A89285554}"
EndProject
Global
	GlobalSection(SharedMSBuildProjectFiles) = preSolution
		MasterDemo\MasterDemo\MasterDemo.projitems*{70951c76-33b9-494d-9061-40ee82ea9cf8}*SharedItemsImports = 4
		MasterDemo\MasterDemo\MasterDemo.projitems*{898204c5-dfbc-4bda-8899-0b749b398223}*SharedItemsImports = 4
		MasterDemo\MasterDemo\MasterDemo.projitems*{c6a80cab-aeae-4420-928c-46acf0d2f4e6}*SharedItemsImports = 4
		MasterDemo\MasterDemo\MasterDemo.projitems*{e6e7048f-943e-4327-a0ff-d35a89285554}*SharedItemsImports = 13
	EndGlobalSection
	GlobalSection(SolutionConfigurationPlatforms) = preSolution
		Ad-Hoc|Any CPU = Ad-Hoc|Any CPU
		Ad-Hoc|ARM = Ad-Hoc|ARM
		Ad-Hoc|iPhone = Ad-Hoc|iPhone
		Ad-Hoc|iPhoneSimulator = Ad-Hoc|iPhoneSimulator
		Ad-Hoc|x64 = Ad-Hoc|x64
		Ad-Hoc|x86 = Ad-Hoc|x86
		AppStore|Any CPU = AppStore|Any CPU
		AppStore|ARM = AppStore|ARM
		AppStore|iPhone = AppStore|iPhone
		AppStore|iPhoneSimulator = AppStore|iPhoneSimulator
		AppStore|x64 = AppStore|x64
		AppStore|x86 = AppStore|x86
		Debug|Any CPU = Debug|Any CPU
		Debug|ARM = Debug|ARM
		Debug|iPhone = Debug|iPhone
		Debug|iPhoneSimulator = Debug|iPhoneSimulator
		Debug|x64 = Debug|x64
		Debug|x86 = Debug|x86
		Release|Any CPU = Release|Any CPU
		Release|ARM = Release|ARM
		Release|iPhone = Release|iPhone
		Release|iPhoneSimulator = Release|iPhoneSimulator
		Release|x64 = Release|x64
		Release|x86 = Release|x86
	EndGlobalSection
	GlobalSection(ProjectConfigurationPlatforms) = postSolution
		{C6A80CAB-AEAE-4420-928C-46ACF0D2F4E6}.Ad-Hoc|Any CPU.ActiveCfg = Release|Any CPU
		{C6A80CAB-AEAE-4420-928C-46ACF0D2F4E6}.Ad-Hoc|Any CPU.Build.0 = Release|Any CPU
		{C6A80CAB-AEAE-4420-928C-46ACF0D2F4E6}.Ad-Hoc|Any CPU.Deploy.0 = Release|Any CPU
		{C6A80CAB-AEAE-4420-928C-46ACF0D2F4E6}.Ad-Hoc|ARM.ActiveCfg = Release|Any CPU
		{C6A80CAB-AEAE-4420-928C-46ACF0D2F4E6}.Ad-Hoc|ARM.Build.0 = Release|Any CPU
		{C6A80CAB-AEAE-4420-928C-46ACF0D2F4E6}.Ad-Hoc|ARM.Deploy.0 = Release|Any CPU
		{C6A80CAB-AEAE-4420-928C-46ACF0D2F4E6}.Ad-Hoc|iPhone.ActiveCfg = Release|Any CPU
		{C6A80CAB-AEAE-4420-928C-46ACF0D2F4E6}.Ad-Hoc|iPhone.Build.0 = Release|Any CPU
		{C6A80CAB-AEAE-4420-928C-46ACF0D2F4E6}.Ad-Hoc|iPhone.Deploy.0 = Release|Any CPU
		{C6A80CAB-AEAE-4420-928C-46ACF0D2F4E6}.Ad-Hoc|iPhoneSimulator.ActiveCfg = Release|Any CPU
		{C6A80CAB-AEAE-4420-928C-46ACF0D2F4E6}.Ad-Hoc|iPhoneSimulator.Build.0 = Release|Any CPU
		{C6A80CAB-AEAE-4420-928C-46ACF0D2F4E6}.Ad-Hoc|iPhoneSimulator.Deploy.0 = Release|Any CPU
		{C6A80CAB-AEAE-4420-928C-46ACF0D2F4E6}.Ad-Hoc|x64.ActiveCfg = Release|Any CPU
		{C6A80CAB-AEAE-4420-928C-46ACF0D2F4E6}.Ad-Hoc|x64.Build.0 = Release|Any CPU
		{C6A80CAB-AEAE-4420-928C-46ACF0D2F4E6}.Ad-Hoc|x64.Deploy.0 = Release|Any CPU
		{C6A80CAB-AEAE-4420-928C-46ACF0D2F4E6}.Ad-Hoc|x86.ActiveCfg = Release|Any CPU
		{C6A80CAB-AEAE-4420-928C-46ACF0D2F4E6}.Ad-Hoc|x86.Build.0 = Release|Any CPU
		{C6A80CAB-AEAE-4420-928C-46ACF0D2F4E6}.Ad-Hoc|x86.Deploy.0 = Release|Any CPU
		{C6A80CAB-AEAE-4420-928C-46ACF0D2F4E6}.AppStore|Any CPU.ActiveCfg = Release|Any CPU
		{C6A80CAB-AEAE-4420-928C-46ACF0D2F4E6}.AppStore|Any CPU.Build.0 = Release|Any CPU
		{C6A80CAB-AEAE-4420-928C-46ACF0D2F4E6}.AppStore|Any CPU.Deploy.0 = Release|Any CPU
		{C6A80CAB-AEAE-4420-928C-46ACF0D2F4E6}.AppStore|ARM.ActiveCfg = Release|Any CPU
		{C6A80CAB-AEAE-4420-928C-46ACF0D2F4E6}.AppStore|ARM.Build.0 = Release|Any CPU
		{C6A80CAB-AEAE-4420-928C-46ACF0D2F4E6}.AppStore|ARM.Deploy.0 = Release|Any CPU
		{C6A80CAB-AEAE-4420-928C-46ACF0D2F4E6}.AppStore|iPhone.ActiveCfg = Release|Any CPU
		{C6A80CAB-AEAE-4420-928C-46ACF0D2F4E6}.AppStore|iPhone.Build.0 = Release|Any CPU
		{C6A80CAB-AEAE-4420-928C-46ACF0D2F4E6}.AppStore|iPhone.Deploy.0 = Release|Any CPU
		{C6A80CAB-AEAE-4420-928C-46ACF0D2F4E6}.AppStore|iPhoneSimulator.ActiveCfg = Release|Any CPU
		{C6A80CAB-AEAE-4420-928C-46ACF0D2F4E6}.AppStore|iPhoneSimulator.Build.0 = Release|Any CPU
		{C6A80CAB-AEAE-4420-928C-46ACF0D2F4E6}.AppStore|iPhoneSimulator.Deploy.0 = Release|Any CPU
		{C6A80CAB-AEAE-4420-928C-46ACF0D2F4E6}.AppStore|x64.ActiveCfg = Release|Any CPU
		{C6A80CAB-AEAE-4420-928C-46ACF0D2F4E6}.AppStore|x64.Build.0 = Release|Any CPU
		{C6A80CAB-AEAE-4420-928C-46ACF0D2F4E6}.AppStore|x64.Deploy.0 = Release|Any CPU
		{C6A80CAB-AEAE-4420-928C-46ACF0D2F4E6}.AppStore|x86.ActiveCfg = Release|Any CPU
		{C6A80CAB-AEAE-4420-928C-46ACF0D2F4E6}.AppStore|x86.Build.0 = Release|Any CPU
		{C6A80CAB-AEAE-4420-928C-46ACF0D2F4E6}.AppStore|x86.Deploy.0 = Release|Any CPU
		{C6A80CAB-AEAE-4420-928C-46ACF0D2F4E6}.Debug|Any CPU.ActiveCfg = Debug|Any CPU
		{C6A80CAB-AEAE-4420-928C-46ACF0D2F4E6}.Debug|Any CPU.Build.0 = Debug|Any CPU
		{C6A80CAB-AEAE-4420-928C-46ACF0D2F4E6}.Debug|Any CPU.Deploy.0 = Debug|Any CPU
		{C6A80CAB-AEAE-4420-928C-46ACF0D2F4E6}.Debug|ARM.ActiveCfg = Debug|Any CPU
		{C6A80CAB-AEAE-4420-928C-46ACF0D2F4E6}.Debug|ARM.Build.0 = Debug|Any CPU
		{C6A80CAB-AEAE-4420-928C-46ACF0D2F4E6}.Debug|ARM.Deploy.0 = Debug|Any CPU
		{C6A80CAB-AEAE-4420-928C-46ACF0D2F4E6}.Debug|iPhone.ActiveCfg = Debug|Any CPU
		{C6A80CAB-AEAE-4420-928C-46ACF0D2F4E6}.Debug|iPhone.Build.0 = Debug|Any CPU
		{C6A80CAB-AEAE-4420-928C-46ACF0D2F4E6}.Debug|iPhone.Deploy.0 = Debug|Any CPU
		{C6A80CAB-AEAE-4420-928C-46ACF0D2F4E6}.Debug|iPhoneSimulator.ActiveCfg = Debug|Any CPU
		{C6A80CAB-AEAE-4420-928C-46ACF0D2F4E6}.Debug|iPhoneSimulator.Build.0 = Debug|Any CPU
		{C6A80CAB-AEAE-4420-928C-46ACF0D2F4E6}.Debug|iPhoneSimulator.Deploy.0 = Debug|Any CPU
		{C6A80CAB-AEAE-4420-928C-46ACF0D2F4E6}.Debug|x64.ActiveCfg = Debug|Any CPU
		{C6A80CAB-AEAE-4420-928C-46ACF0D2F4E6}.Debug|x64.Build.0 = Debug|Any CPU
		{C6A80CAB-AEAE-4420-928C-46ACF0D2F4E6}.Debug|x64.Deploy.0 = Debug|Any CPU
		{C6A80CAB-AEAE-4420-928C-46ACF0D2F4E6}.Debug|x86.ActiveCfg = Debug|Any CPU
		{C6A80CAB-AEAE-4420-928C-46ACF0D2F4E6}.Debug|x86.Build.0 = Debug|Any CPU
		{C6A80CAB-AEAE-4420-928C-46ACF0D2F4E6}.Debug|x86.Deploy.0 = Debug|Any CPU
		{C6A80CAB-AEAE-4420-928C-46ACF0D2F4E6}.Release|Any CPU.ActiveCfg = Release|Any CPU
		{C6A80CAB-AEAE-4420-928C-46ACF0D2F4E6}.Release|Any CPU.Build.0 = Release|Any CPU
		{C6A80CAB-AEAE-4420-928C-46ACF0D2F4E6}.Release|Any CPU.Deploy.0 = Release|Any CPU
		{C6A80CAB-AEAE-4420-928C-46ACF0D2F4E6}.Release|ARM.ActiveCfg = Release|Any CPU
		{C6A80CAB-AEAE-4420-928C-46ACF0D2F4E6}.Release|ARM.Build.0 = Release|Any CPU
		{C6A80CAB-AEAE-4420-928C-46ACF0D2F4E6}.Release|ARM.Deploy.0 = Release|Any CPU
		{C6A80CAB-AEAE-4420-928C-46ACF0D2F4E6}.Release|iPhone.ActiveCfg = Release|Any CPU
		{C6A80CAB-AEAE-4420-928C-46ACF0D2F4E6}.Release|iPhone.Build.0 = Release|Any CPU
		{C6A80CAB-AEAE-4420-928C-46ACF0D2F4E6}.Release|iPhone.Deploy.0 = Release|Any CPU
		{C6A80CAB-AEAE-4420-928C-46ACF0D2F4E6}.Release|iPhoneSimulator.ActiveCfg = Release|Any CPU
		{C6A80CAB-AEAE-4420-928C-46ACF0D2F4E6}.Release|iPhoneSimulator.Build.0 = Release|Any CPU
		{C6A80CAB-AEAE-4420-928C-46ACF0D2F4E6}.Release|iPhoneSimulator.Deploy.0 = Release|Any CPU
		{C6A80CAB-AEAE-4420-928C-46ACF0D2F4E6}.Release|x64.ActiveCfg = Release|Any CPU
		{C6A80CAB-AEAE-4420-928C-46ACF0D2F4E6}.Release|x64.Build.0 = Release|Any CPU
		{C6A80CAB-AEAE-4420-928C-46ACF0D2F4E6}.Release|x64.Deploy.0 = Release|Any CPU
		{C6A80CAB-AEAE-4420-928C-46ACF0D2F4E6}.Release|x86.ActiveCfg = Release|Any CPU
		{C6A80CAB-AEAE-4420-928C-46ACF0D2F4E6}.Release|x86.Build.0 = Release|Any CPU
		{C6A80CAB-AEAE-4420-928C-46ACF0D2F4E6}.Release|x86.Deploy.0 = Release|Any CPU
		{70951C76-33B9-494D-9061-40EE82EA9CF8}.Ad-Hoc|Any CPU.ActiveCfg = Ad-Hoc|iPhone
		{70951C76-33B9-494D-9061-40EE82EA9CF8}.Ad-Hoc|ARM.ActiveCfg = Ad-Hoc|iPhone
		{70951C76-33B9-494D-9061-40EE82EA9CF8}.Ad-Hoc|iPhone.ActiveCfg = Ad-Hoc|iPhone
		{70951C76-33B9-494D-9061-40EE82EA9CF8}.Ad-Hoc|iPhone.Build.0 = Ad-Hoc|iPhone
		{70951C76-33B9-494D-9061-40EE82EA9CF8}.Ad-Hoc|iPhoneSimulator.ActiveCfg = Ad-Hoc|iPhoneSimulator
		{70951C76-33B9-494D-9061-40EE82EA9CF8}.Ad-Hoc|iPhoneSimulator.Build.0 = Ad-Hoc|iPhoneSimulator
		{70951C76-33B9-494D-9061-40EE82EA9CF8}.Ad-Hoc|x64.ActiveCfg = Ad-Hoc|iPhone
		{70951C76-33B9-494D-9061-40EE82EA9CF8}.Ad-Hoc|x86.ActiveCfg = Ad-Hoc|iPhone
		{70951C76-33B9-494D-9061-40EE82EA9CF8}.AppStore|Any CPU.ActiveCfg = AppStore|iPhone
		{70951C76-33B9-494D-9061-40EE82EA9CF8}.AppStore|ARM.ActiveCfg = AppStore|iPhone
		{70951C76-33B9-494D-9061-40EE82EA9CF8}.AppStore|iPhone.ActiveCfg = AppStore|iPhone
		{70951C76-33B9-494D-9061-40EE82EA9CF8}.AppStore|iPhone.Build.0 = AppStore|iPhone
		{70951C76-33B9-494D-9061-40EE82EA9CF8}.AppStore|iPhoneSimulator.ActiveCfg = AppStore|iPhoneSimulator
		{70951C76-33B9-494D-9061-40EE82EA9CF8}.AppStore|iPhoneSimulator.Build.0 = AppStore|iPhoneSimulator
		{70951C76-33B9-494D-9061-40EE82EA9CF8}.AppStore|x64.ActiveCfg = AppStore|iPhone
		{70951C76-33B9-494D-9061-40EE82EA9CF8}.AppStore|x86.ActiveCfg = AppStore|iPhone
		{70951C76-33B9-494D-9061-40EE82EA9CF8}.Debug|Any CPU.ActiveCfg = Debug|iPhone
		{70951C76-33B9-494D-9061-40EE82EA9CF8}.Debug|Any CPU.Build.0 = Debug|iPhone
		{70951C76-33B9-494D-9061-40EE82EA9CF8}.Debug|ARM.ActiveCfg = Debug|iPhone
		{70951C76-33B9-494D-9061-40EE82EA9CF8}.Debug|iPhone.ActiveCfg = Debug|iPhone
		{70951C76-33B9-494D-9061-40EE82EA9CF8}.Debug|iPhone.Build.0 = Debug|iPhone
		{70951C76-33B9-494D-9061-40EE82EA9CF8}.Debug|iPhoneSimulator.ActiveCfg = Debug|iPhoneSimulator
		{70951C76-33B9-494D-9061-40EE82EA9CF8}.Debug|iPhoneSimulator.Build.0 = Debug|iPhoneSimulator
		{70951C76-33B9-494D-9061-40EE82EA9CF8}.Debug|x64.ActiveCfg = Debug|iPhone
		{70951C76-33B9-494D-9061-40EE82EA9CF8}.Debug|x86.ActiveCfg = Debug|iPhone
		{70951C76-33B9-494D-9061-40EE82EA9CF8}.Release|Any CPU.ActiveCfg = Release|iPhone
		{70951C76-33B9-494D-9061-40EE82EA9CF8}.Release|ARM.ActiveCfg = Release|iPhone
		{70951C76-33B9-494D-9061-40EE82EA9CF8}.Release|iPhone.ActiveCfg = Release|iPhone
		{70951C76-33B9-494D-9061-40EE82EA9CF8}.Release|iPhone.Build.0 = Release|iPhone
		{70951C76-33B9-494D-9061-40EE82EA9CF8}.Release|iPhoneSimulator.ActiveCfg = Release|iPhoneSimulator
		{70951C76-33B9-494D-9061-40EE82EA9CF8}.Release|iPhoneSimulator.Build.0 = Release|iPhoneSimulator
		{70951C76-33B9-494D-9061-40EE82EA9CF8}.Release|x64.ActiveCfg = Release|iPhone
		{70951C76-33B9-494D-9061-40EE82EA9CF8}.Release|x86.ActiveCfg = Release|iPhone
		{898204C5-DFBC-4BDA-8899-0B749B398223}.Ad-Hoc|Any CPU.ActiveCfg = Release|x86
		{898204C5-DFBC-4BDA-8899-0B749B398223}.Ad-Hoc|Any CPU.Build.0 = Release|x86
		{898204C5-DFBC-4BDA-8899-0B749B398223}.Ad-Hoc|Any CPU.Deploy.0 = Release|x86
		{898204C5-DFBC-4BDA-8899-0B749B398223}.Ad-Hoc|ARM.ActiveCfg = Release|ARM
		{898204C5-DFBC-4BDA-8899-0B749B398223}.Ad-Hoc|ARM.Build.0 = Release|ARM
		{898204C5-DFBC-4BDA-8899-0B749B398223}.Ad-Hoc|ARM.Deploy.0 = Release|ARM
		{898204C5-DFBC-4BDA-8899-0B749B398223}.Ad-Hoc|iPhone.ActiveCfg = Release|x86
		{898204C5-DFBC-4BDA-8899-0B749B398223}.Ad-Hoc|iPhone.Build.0 = Release|x86
		{898204C5-DFBC-4BDA-8899-0B749B398223}.Ad-Hoc|iPhone.Deploy.0 = Release|x86
		{898204C5-DFBC-4BDA-8899-0B749B398223}.Ad-Hoc|iPhoneSimulator.ActiveCfg = Release|x86
		{898204C5-DFBC-4BDA-8899-0B749B398223}.Ad-Hoc|iPhoneSimulator.Build.0 = Release|x86
		{898204C5-DFBC-4BDA-8899-0B749B398223}.Ad-Hoc|iPhoneSimulator.Deploy.0 = Release|x86
		{898204C5-DFBC-4BDA-8899-0B749B398223}.Ad-Hoc|x64.ActiveCfg = Release|x64
		{898204C5-DFBC-4BDA-8899-0B749B398223}.Ad-Hoc|x64.Build.0 = Release|x64
		{898204C5-DFBC-4BDA-8899-0B749B398223}.Ad-Hoc|x64.Deploy.0 = Release|x64
		{898204C5-DFBC-4BDA-8899-0B749B398223}.Ad-Hoc|x86.ActiveCfg = Release|x86
		{898204C5-DFBC-4BDA-8899-0B749B398223}.Ad-Hoc|x86.Build.0 = Release|x86
		{898204C5-DFBC-4BDA-8899-0B749B398223}.Ad-Hoc|x86.Deploy.0 = Release|x86
		{898204C5-DFBC-4BDA-8899-0B749B398223}.AppStore|Any CPU.ActiveCfg = Release|x86
		{898204C5-DFBC-4BDA-8899-0B749B398223}.AppStore|Any CPU.Build.0 = Release|x86
		{898204C5-DFBC-4BDA-8899-0B749B398223}.AppStore|Any CPU.Deploy.0 = Release|x86
		{898204C5-DFBC-4BDA-8899-0B749B398223}.AppStore|ARM.ActiveCfg = Release|ARM
		{898204C5-DFBC-4BDA-8899-0B749B398223}.AppStore|ARM.Build.0 = Release|ARM
		{898204C5-DFBC-4BDA-8899-0B749B398223}.AppStore|ARM.Deploy.0 = Release|ARM
		{898204C5-DFBC-4BDA-8899-0B749B398223}.AppStore|iPhone.ActiveCfg = Release|x86
		{898204C5-DFBC-4BDA-8899-0B749B398223}.AppStore|iPhone.Build.0 = Release|x86
		{898204C5-DFBC-4BDA-8899-0B749B398223}.AppStore|iPhone.Deploy.0 = Release|x86
		{898204C5-DFBC-4BDA-8899-0B749B398223}.AppStore|iPhoneSimulator.ActiveCfg = Release|x86
		{898204C5-DFBC-4BDA-8899-0B749B398223}.AppStore|iPhoneSimulator.Build.0 = Release|x86
		{898204C5-DFBC-4BDA-8899-0B749B398223}.AppStore|iPhoneSimulator.Deploy.0 = Release|x86
		{898204C5-DFBC-4BDA-8899-0B749B398223}.AppStore|x64.ActiveCfg = Release|x64
		{898204C5-DFBC-4BDA-8899-0B749B398223}.AppStore|x64.Build.0 = Release|x64
		{898204C5-DFBC-4BDA-8899-0B749B398223}.AppStore|x64.Deploy.0 = Release|x64
		{898204C5-DFBC-4BDA-8899-0B749B398223}.AppStore|x86.ActiveCfg = Release|x86
		{898204C5-DFBC-4BDA-8899-0B749B398223}.AppStore|x86.Build.0 = Release|x86
		{898204C5-DFBC-4BDA-8899-0B749B398223}.AppStore|x86.Deploy.0 = Release|x86
		{898204C5-DFBC-4BDA-8899-0B749B398223}.Debug|Any CPU.ActiveCfg = Debug|x86
		{898204C5-DFBC-4BDA-8899-0B749B398223}.Debug|Any CPU.Build.0 = Debug|x86
		{898204C5-DFBC-4BDA-8899-0B749B398223}.Debug|ARM.ActiveCfg = Debug|ARM
		{898204C5-DFBC-4BDA-8899-0B749B398223}.Debug|ARM.Build.0 = Debug|ARM
		{898204C5-DFBC-4BDA-8899-0B749B398223}.Debug|ARM.Deploy.0 = Debug|ARM
		{898204C5-DFBC-4BDA-8899-0B749B398223}.Debug|iPhone.ActiveCfg = Debug|x86
		{898204C5-DFBC-4BDA-8899-0B749B398223}.Debug|iPhoneSimulator.ActiveCfg = Debug|x86
		{898204C5-DFBC-4BDA-8899-0B749B398223}.Debug|x64.ActiveCfg = Debug|x64
		{898204C5-DFBC-4BDA-8899-0B749B398223}.Debug|x64.Build.0 = Debug|x64
		{898204C5-DFBC-4BDA-8899-0B749B398223}.Debug|x64.Deploy.0 = Debug|x64
		{898204C5-DFBC-4BDA-8899-0B749B398223}.Debug|x86.ActiveCfg = Debug|x86
		{898204C5-DFBC-4BDA-8899-0B749B398223}.Debug|x86.Build.0 = Debug|x86
		{898204C5-DFBC-4BDA-8899-0B749B398223}.Debug|x86.Deploy.0 = Debug|x86
		{898204C5-DFBC-4BDA-8899-0B749B398223}.Release|Any CPU.ActiveCfg = Release|x86
		{898204C5-DFBC-4BDA-8899-0B749B398223}.Release|ARM.ActiveCfg = Release|ARM
		{898204C5-DFBC-4BDA-8899-0B749B398223}.Release|ARM.Build.0 = Release|ARM
		{898204C5-DFBC-4BDA-8899-0B749B398223}.Release|ARM.Deploy.0 = Release|ARM
		{898204C5-DFBC-4BDA-8899-0B749B398223}.Release|iPhone.ActiveCfg = Release|x86
		{898204C5-DFBC-4BDA-8899-0B749B398223}.Release|iPhoneSimulator.ActiveCfg = Release|x86
		{898204C5-DFBC-4BDA-8899-0B749B398223}.Release|x64.ActiveCfg = Release|x64
		{898204C5-DFBC-4BDA-8899-0B749B398223}.Release|x64.Build.0 = Release|x64
		{898204C5-DFBC-4BDA-8899-0B749B398223}.Release|x64.Deploy.0 = Release|x64
		{898204C5-DFBC-4BDA-8899-0B749B398223}.Release|x86.ActiveCfg = Release|x86
		{898204C5-DFBC-4BDA-8899-0B749B398223}.Release|x86.Build.0 = Release|x86
		{898204C5-DFBC-4BDA-8899-0B749B398223}.Release|x86.Deploy.0 = Release|x86
	EndGlobalSection
	GlobalSection(SolutionProperties) = preSolution
		HideSolutionNode = FALSE
	EndGlobalSection
	GlobalSection(ExtensibilityGlobals) = postSolution
		SolutionGuid = {2E99BC38-28A6-450A-872B-2BDA15E6A035}
	EndGlobalSection
EndGlobal
